// !$*UTF8*$!
{
	archiveVersion = 1;
	classes = {
	};
	objectVersion = 52;
	objects = {

/* Begin PBXBuildFile section */
		36012A1D253B767700F048FD /* ForgotPasswordParentView.swift in Sources */ = {isa = PBXBuildFile; fileRef = 36012A1C253B767700F048FD /* ForgotPasswordParentView.swift */; };
		36012A22253B768300F048FD /* RequestPwdResetView.swift in Sources */ = {isa = PBXBuildFile; fileRef = 36012A21253B768300F048FD /* RequestPwdResetView.swift */; };
		36012A27253B768700F048FD /* SentPwdResetView.swift in Sources */ = {isa = PBXBuildFile; fileRef = 36012A26253B768700F048FD /* SentPwdResetView.swift */; };
		36012A2F253B76C700F048FD /* CustomText.swift in Sources */ = {isa = PBXBuildFile; fileRef = 36012A2E253B76C700F048FD /* CustomText.swift */; };
		36012A41253B838300F048FD /* Secure.plist in Resources */ = {isa = PBXBuildFile; fileRef = 36012A40253B838300F048FD /* Secure.plist */; };
		36012A46253B863A00F048FD /* API.swift in Sources */ = {isa = PBXBuildFile; fileRef = 36012A45253B863A00F048FD /* API.swift */; };
		36012A4B253B890F00F048FD /* HTTPError.swift in Sources */ = {isa = PBXBuildFile; fileRef = 36012A4A253B890F00F048FD /* HTTPError.swift */; };
		36012A50253B8B4B00F048FD /* HTTPOutputProcessor.swift in Sources */ = {isa = PBXBuildFile; fileRef = 36012A4F253B8B4B00F048FD /* HTTPOutputProcessor.swift */; };
		36012A64253BB8F300F048FD /* StringExtensions.swift in Sources */ = {isa = PBXBuildFile; fileRef = 36012A63253BB8F300F048FD /* StringExtensions.swift */; };
		3602867225258E30009E0CA9 /* RehearsalsView.swift in Sources */ = {isa = PBXBuildFile; fileRef = 3602867125258E30009E0CA9 /* RehearsalsView.swift */; };
		362D0BEB2537D41600DFCBEA /* ConflictAddView.swift in Sources */ = {isa = PBXBuildFile; fileRef = 362D0BEA2537D41600DFCBEA /* ConflictAddView.swift */; };
		3630BDA425324AF3002B5AC4 /* adultData.json in Resources */ = {isa = PBXBuildFile; fileRef = 3630BDA325324AF3002B5AC4 /* adultData.json */; };
		3630BDB425324F05002B5AC4 /* studentData.json in Resources */ = {isa = PBXBuildFile; fileRef = 3630BDB325324F05002B5AC4 /* studentData.json */; };
		3630BDD12533754B002B5AC4 /* productionData.json in Resources */ = {isa = PBXBuildFile; fileRef = 3630BDD02533754B002B5AC4 /* productionData.json */; };
		3630BDDB253375FD002B5AC4 /* Production.swift in Sources */ = {isa = PBXBuildFile; fileRef = 3630BDDA253375FD002B5AC4 /* Production.swift */; };
		3630BDE025337672002B5AC4 /* Rehearsal.swift in Sources */ = {isa = PBXBuildFile; fileRef = 3630BDDF25337672002B5AC4 /* Rehearsal.swift */; };
		3630BDE52533777B002B5AC4 /* Conflict.swift in Sources */ = {isa = PBXBuildFile; fileRef = 3630BDE42533777B002B5AC4 /* Conflict.swift */; };
		3630BDED25337A45002B5AC4 /* CastingLink.swift in Sources */ = {isa = PBXBuildFile; fileRef = 3630BDEC25337A45002B5AC4 /* CastingLink.swift */; };
		3630BDF225337A8B002B5AC4 /* Character.swift in Sources */ = {isa = PBXBuildFile; fileRef = 3630BDF125337A8B002B5AC4 /* Character.swift */; };
		3630BDFD2533AAD3002B5AC4 /* RehearsalTab.swift in Sources */ = {isa = PBXBuildFile; fileRef = 3630BDFC2533AAD3002B5AC4 /* RehearsalTab.swift */; };
		3630BE0E2533D230002B5AC4 /* RehearsalDetailView.swift in Sources */ = {isa = PBXBuildFile; fileRef = 3630BE0D2533D230002B5AC4 /* RehearsalDetailView.swift */; };
		364B2DB32530A331001E3436 /* AdultTab.swift in Sources */ = {isa = PBXBuildFile; fileRef = 364B2DB22530A331001E3436 /* AdultTab.swift */; };
		365801652527D801004AE6A7 /* PortalDatabase.swift in Sources */ = {isa = PBXBuildFile; fileRef = 365801642527D801004AE6A7 /* PortalDatabase.swift */; };
		36596BFD253C1418009050DB /* UpdateAdultData.swift in Sources */ = {isa = PBXBuildFile; fileRef = 36596BFC253C1418009050DB /* UpdateAdultData.swift */; };
		36596C05253C14EE009050DB /* UpdateStudentData.swift in Sources */ = {isa = PBXBuildFile; fileRef = 36596C04253C14EE009050DB /* UpdateStudentData.swift */; };
		365B78842535FD0800CB49F0 /* ConflictsListView.swift in Sources */ = {isa = PBXBuildFile; fileRef = 365B78832535FD0800CB49F0 /* ConflictsListView.swift */; };
		365B78922536007400CB49F0 /* ConflictTab.swift in Sources */ = {isa = PBXBuildFile; fileRef = 365B78912536007400CB49F0 /* ConflictTab.swift */; };
		365DC28125262B1E00312C05 /* states.json in Resources */ = {isa = PBXBuildFile; fileRef = 365DC28025262B1E00312C05 /* states.json */; };
		366A9E17252F97EC0066CDB6 /* familyLinksData.json in Resources */ = {isa = PBXBuildFile; fileRef = 366A9E15252F97EC0066CDB6 /* familyLinksData.json */; };
		366A9E1F252F9E210066CDB6 /* StudentProfileEditView.swift in Sources */ = {isa = PBXBuildFile; fileRef = 366A9E1E252F9E210066CDB6 /* StudentProfileEditView.swift */; };
		366A9E25252FA11B0066CDB6 /* PortalPickerViews.swift in Sources */ = {isa = PBXBuildFile; fileRef = 366A9E24252FA11B0066CDB6 /* PortalPickerViews.swift */; };
		366A9E30252FA1530066CDB6 /* PortalCustomViews.swift in Sources */ = {isa = PBXBuildFile; fileRef = 366A9E2F252FA1530066CDB6 /* PortalCustomViews.swift */; };
		366A9E42252FA6D30066CDB6 /* ViewExtensions.swift in Sources */ = {isa = PBXBuildFile; fileRef = 366A9E41252FA6D30066CDB6 /* ViewExtensions.swift */; };
		366A9E65252FAC930066CDB6 /* DateExtensions.swift in Sources */ = {isa = PBXBuildFile; fileRef = 366A9E64252FAC930066CDB6 /* DateExtensions.swift */; };
		366A9E73252FB18F0066CDB6 /* ColorExtensions.swift in Sources */ = {isa = PBXBuildFile; fileRef = 366A9E72252FB18F0066CDB6 /* ColorExtensions.swift */; };
		366A9E81252FE6550066CDB6 /* StudentTab.swift in Sources */ = {isa = PBXBuildFile; fileRef = 366A9E80252FE6550066CDB6 /* StudentTab.swift */; };
		367367852534E24C0010FA43 /* CharacterListView.swift in Sources */ = {isa = PBXBuildFile; fileRef = 367367842534E24C0010FA43 /* CharacterListView.swift */; };
		3673678A2534E9600010FA43 /* ArrayExtensions.swift in Sources */ = {isa = PBXBuildFile; fileRef = 367367892534E9600010FA43 /* ArrayExtensions.swift */; };
		367367B3253530B00010FA43 /* ActorListView.swift in Sources */ = {isa = PBXBuildFile; fileRef = 367367B2253530B00010FA43 /* ActorListView.swift */; };
		368459F52527FE3D00CA6851 /* userData.json in Resources */ = {isa = PBXBuildFile; fileRef = 368459F42527FE3D00CA6851 /* userData.json */; };
		368459FA25282F8600CA6851 /* Student.swift in Sources */ = {isa = PBXBuildFile; fileRef = 368459F925282F8600CA6851 /* Student.swift */; };
		36845A0525283F3E00CA6851 /* NextSteps.rtf in Resources */ = {isa = PBXBuildFile; fileRef = 36845A0425283F3E00CA6851 /* NextSteps.rtf */; };
		36845A0B2528CEB100CA6851 /* LoginView.swift in Sources */ = {isa = PBXBuildFile; fileRef = 36845A0A2528CEB100CA6851 /* LoginView.swift */; };
		36845A132528D29400CA6851 /* CreateUserView.swift in Sources */ = {isa = PBXBuildFile; fileRef = 36845A122528D29400CA6851 /* CreateUserView.swift */; };
		36845A202529213800CA6851 /* LoginWrapperView.swift in Sources */ = {isa = PBXBuildFile; fileRef = 36845A1F2529213800CA6851 /* LoginWrapperView.swift */; };
		36845A3125292EB700CA6851 /* LinkUserView.swift in Sources */ = {isa = PBXBuildFile; fileRef = 36845A3025292EB700CA6851 /* LinkUserView.swift */; };
		36845A3625292FEC00CA6851 /* userPersonLinksData.json in Resources */ = {isa = PBXBuildFile; fileRef = 36845A3525292FEC00CA6851 /* userPersonLinksData.json */; };
		368C571A2536364C0061419B /* conflictData.json in Resources */ = {isa = PBXBuildFile; fileRef = 368C57192536364C0061419B /* conflictData.json */; };
		368C574625376C3D0061419B /* ConflictEditView.swift in Sources */ = {isa = PBXBuildFile; fileRef = 368C574525376C3D0061419B /* ConflictEditView.swift */; };
		368C574E25376F790061419B /* Checkbox.swift in Sources */ = {isa = PBXBuildFile; fileRef = 368C574D25376F790061419B /* Checkbox.swift */; };
		36B467042526EE660056E349 /* Colors.xcassets in Resources */ = {isa = PBXBuildFile; fileRef = 36B467032526EE660056E349 /* Colors.xcassets */; };
		36B492D52538D1B100B77B79 /* SelectFilterView.swift in Sources */ = {isa = PBXBuildFile; fileRef = 36B492D42538D1B100B77B79 /* SelectFilterView.swift */; };
		36B492F52539D17600B77B79 /* RehearsalFilter.swift in Sources */ = {isa = PBXBuildFile; fileRef = 36B492F42539D17600B77B79 /* RehearsalFilter.swift */; };
		36B49321253A2BC400B77B79 /* PrintableSchedule.swift in Sources */ = {isa = PBXBuildFile; fileRef = 36B49320253A2BC400B77B79 /* PrintableSchedule.swift */; };
		36B49329253A75D200B77B79 /* RehearsalPrint.swift in Sources */ = {isa = PBXBuildFile; fileRef = 36B49328253A75D200B77B79 /* RehearsalPrint.swift */; };
		36B4932F253AAC0A00B77B79 /* MainHeader.swift in Sources */ = {isa = PBXBuildFile; fileRef = 36B4932E253AAC0A00B77B79 /* MainHeader.swift */; };
		36B49334253AADC900B77B79 /* CustomField.swift in Sources */ = {isa = PBXBuildFile; fileRef = 36B49333253AADC800B77B79 /* CustomField.swift */; };
		36B49339253AAE3900B77B79 /* CustomButton.swift in Sources */ = {isa = PBXBuildFile; fileRef = 36B49338253AAE3900B77B79 /* CustomButton.swift */; };
		36B4933E253AAE7200B77B79 /* CustomErrorArea.swift in Sources */ = {isa = PBXBuildFile; fileRef = 36B4933D253AAE7200B77B79 /* CustomErrorArea.swift */; };
		36B49343253AAED100B77B79 /* Constants.swift in Sources */ = {isa = PBXBuildFile; fileRef = 36B49342253AAED100B77B79 /* Constants.swift */; };
		36B4935C253B740A00B77B79 /* CustomViewHeader.swift in Sources */ = {isa = PBXBuildFile; fileRef = 36B4935B253B740A00B77B79 /* CustomViewHeader.swift */; };
		36C2351625258C760065DDBA /* HomeTabbedView.swift in Sources */ = {isa = PBXBuildFile; fileRef = 36C2351525258C760065DDBA /* HomeTabbedView.swift */; };
		36C4EF0E25259A8F000286F7 /* AdultProfileEditView.swift in Sources */ = {isa = PBXBuildFile; fileRef = 36C4EF0D25259A8F000286F7 /* AdultProfileEditView.swift */; };
		36C4EF152525A42D000286F7 /* AQUI in Frameworks */ = {isa = PBXBuildFile; productRef = 36C4EF142525A42D000286F7 /* AQUI */; };
		36ED5F00252529030022945C /* SYAAFamilyPortalApp.swift in Sources */ = {isa = PBXBuildFile; fileRef = 36ED5EFF252529030022945C /* SYAAFamilyPortalApp.swift */; };
		36ED5F02252529030022945C /* ContentView.swift in Sources */ = {isa = PBXBuildFile; fileRef = 36ED5F01252529030022945C /* ContentView.swift */; };
		36ED5F04252529030022945C /* Assets.xcassets in Resources */ = {isa = PBXBuildFile; fileRef = 36ED5F03252529030022945C /* Assets.xcassets */; };
		36ED5F07252529030022945C /* Preview Assets.xcassets in Resources */ = {isa = PBXBuildFile; fileRef = 36ED5F06252529030022945C /* Preview Assets.xcassets */; };
		36ED5F12252529040022945C /* SYAAFamilyPortalTests.swift in Sources */ = {isa = PBXBuildFile; fileRef = 36ED5F11252529040022945C /* SYAAFamilyPortalTests.swift */; };
		36ED5F1D252529040022945C /* SYAAFamilyPortalUITests.swift in Sources */ = {isa = PBXBuildFile; fileRef = 36ED5F1C252529040022945C /* SYAAFamilyPortalUITests.swift */; };
		36ED5F3A25252B650022945C /* Data.swift in Sources */ = {isa = PBXBuildFile; fileRef = 36ED5F3925252B650022945C /* Data.swift */; };
		36ED5F4425252C970022945C /* Adult.swift in Sources */ = {isa = PBXBuildFile; fileRef = 36ED5F4125252C970022945C /* Adult.swift */; };
		36ED5F4525252C970022945C /* User.swift in Sources */ = {isa = PBXBuildFile; fileRef = 36ED5F4225252C970022945C /* User.swift */; };
		36ED5F4625252C970022945C /* Person.swift in Sources */ = {isa = PBXBuildFile; fileRef = 36ED5F4325252C970022945C /* Person.swift */; };
		36ED5F5425252F690022945C /* Portal.swift in Sources */ = {isa = PBXBuildFile; fileRef = 36ED5F5325252F690022945C /* Portal.swift */; };
		36ED5F5C252533C70022945C /* ProfileWrapperView.swift in Sources */ = {isa = PBXBuildFile; fileRef = 36ED5F5B252533C70022945C /* ProfileWrapperView.swift */; };
/* End PBXBuildFile section */

/* Begin PBXContainerItemProxy section */
		36ED5F0E252529040022945C /* PBXContainerItemProxy */ = {
			isa = PBXContainerItemProxy;
			containerPortal = 36ED5EF4252529020022945C /* Project object */;
			proxyType = 1;
			remoteGlobalIDString = 36ED5EFB252529020022945C;
			remoteInfo = SYAAFamilyPortal;
		};
		36ED5F19252529040022945C /* PBXContainerItemProxy */ = {
			isa = PBXContainerItemProxy;
			containerPortal = 36ED5EF4252529020022945C /* Project object */;
			proxyType = 1;
			remoteGlobalIDString = 36ED5EFB252529020022945C;
			remoteInfo = SYAAFamilyPortal;
		};
/* End PBXContainerItemProxy section */

/* Begin PBXFileReference section */
		36012A1C253B767700F048FD /* ForgotPasswordParentView.swift */ = {isa = PBXFileReference; lastKnownFileType = sourcecode.swift; path = ForgotPasswordParentView.swift; sourceTree = "<group>"; };
		36012A21253B768300F048FD /* RequestPwdResetView.swift */ = {isa = PBXFileReference; lastKnownFileType = sourcecode.swift; path = RequestPwdResetView.swift; sourceTree = "<group>"; };
		36012A26253B768700F048FD /* SentPwdResetView.swift */ = {isa = PBXFileReference; lastKnownFileType = sourcecode.swift; path = SentPwdResetView.swift; sourceTree = "<group>"; };
		36012A2E253B76C700F048FD /* CustomText.swift */ = {isa = PBXFileReference; fileEncoding = 4; lastKnownFileType = sourcecode.swift; path = CustomText.swift; sourceTree = "<group>"; };
		36012A40253B838300F048FD /* Secure.plist */ = {isa = PBXFileReference; lastKnownFileType = text.plist.xml; path = Secure.plist; sourceTree = "<group>"; };
		36012A45253B863A00F048FD /* API.swift */ = {isa = PBXFileReference; lastKnownFileType = sourcecode.swift; path = API.swift; sourceTree = "<group>"; };
		36012A4A253B890F00F048FD /* HTTPError.swift */ = {isa = PBXFileReference; fileEncoding = 4; lastKnownFileType = sourcecode.swift; path = HTTPError.swift; sourceTree = "<group>"; };
		36012A4F253B8B4B00F048FD /* HTTPOutputProcessor.swift */ = {isa = PBXFileReference; fileEncoding = 4; lastKnownFileType = sourcecode.swift; path = HTTPOutputProcessor.swift; sourceTree = "<group>"; };
		36012A63253BB8F300F048FD /* StringExtensions.swift */ = {isa = PBXFileReference; lastKnownFileType = sourcecode.swift; path = StringExtensions.swift; sourceTree = "<group>"; };
		3602867125258E30009E0CA9 /* RehearsalsView.swift */ = {isa = PBXFileReference; lastKnownFileType = sourcecode.swift; path = RehearsalsView.swift; sourceTree = "<group>"; };
		362D0BEA2537D41600DFCBEA /* ConflictAddView.swift */ = {isa = PBXFileReference; lastKnownFileType = sourcecode.swift; path = ConflictAddView.swift; sourceTree = "<group>"; };
		3630BDA325324AF3002B5AC4 /* adultData.json */ = {isa = PBXFileReference; fileEncoding = 4; lastKnownFileType = text.json; path = adultData.json; sourceTree = "<group>"; };
		3630BDB325324F05002B5AC4 /* studentData.json */ = {isa = PBXFileReference; fileEncoding = 4; lastKnownFileType = text.json; path = studentData.json; sourceTree = "<group>"; };
		3630BDD02533754B002B5AC4 /* productionData.json */ = {isa = PBXFileReference; fileEncoding = 4; lastKnownFileType = text.json; path = productionData.json; sourceTree = "<group>"; };
		3630BDDA253375FD002B5AC4 /* Production.swift */ = {isa = PBXFileReference; lastKnownFileType = sourcecode.swift; path = Production.swift; sourceTree = "<group>"; };
		3630BDDF25337672002B5AC4 /* Rehearsal.swift */ = {isa = PBXFileReference; lastKnownFileType = sourcecode.swift; path = Rehearsal.swift; sourceTree = "<group>"; };
		3630BDE42533777B002B5AC4 /* Conflict.swift */ = {isa = PBXFileReference; lastKnownFileType = sourcecode.swift; path = Conflict.swift; sourceTree = "<group>"; };
		3630BDEC25337A45002B5AC4 /* CastingLink.swift */ = {isa = PBXFileReference; lastKnownFileType = sourcecode.swift; path = CastingLink.swift; sourceTree = "<group>"; };
		3630BDF125337A8B002B5AC4 /* Character.swift */ = {isa = PBXFileReference; lastKnownFileType = sourcecode.swift; path = Character.swift; sourceTree = "<group>"; };
		3630BDFC2533AAD3002B5AC4 /* RehearsalTab.swift */ = {isa = PBXFileReference; lastKnownFileType = sourcecode.swift; path = RehearsalTab.swift; sourceTree = "<group>"; };
		3630BE0D2533D230002B5AC4 /* RehearsalDetailView.swift */ = {isa = PBXFileReference; lastKnownFileType = sourcecode.swift; path = RehearsalDetailView.swift; sourceTree = "<group>"; };
		364B2DB22530A331001E3436 /* AdultTab.swift */ = {isa = PBXFileReference; lastKnownFileType = sourcecode.swift; path = AdultTab.swift; sourceTree = "<group>"; };
		365801642527D801004AE6A7 /* PortalDatabase.swift */ = {isa = PBXFileReference; lastKnownFileType = sourcecode.swift; path = PortalDatabase.swift; sourceTree = "<group>"; };
		36596BFC253C1418009050DB /* UpdateAdultData.swift */ = {isa = PBXFileReference; lastKnownFileType = sourcecode.swift; path = UpdateAdultData.swift; sourceTree = "<group>"; };
		36596C04253C14EE009050DB /* UpdateStudentData.swift */ = {isa = PBXFileReference; lastKnownFileType = sourcecode.swift; path = UpdateStudentData.swift; sourceTree = "<group>"; };
		365B78832535FD0800CB49F0 /* ConflictsListView.swift */ = {isa = PBXFileReference; lastKnownFileType = sourcecode.swift; path = ConflictsListView.swift; sourceTree = "<group>"; };
		365B78912536007400CB49F0 /* ConflictTab.swift */ = {isa = PBXFileReference; lastKnownFileType = sourcecode.swift; path = ConflictTab.swift; sourceTree = "<group>"; };
		365DC28025262B1E00312C05 /* states.json */ = {isa = PBXFileReference; fileEncoding = 4; lastKnownFileType = text.json; path = states.json; sourceTree = "<group>"; };
		366A9E15252F97EC0066CDB6 /* familyLinksData.json */ = {isa = PBXFileReference; fileEncoding = 4; lastKnownFileType = text.json; path = familyLinksData.json; sourceTree = "<group>"; };
		366A9E1E252F9E210066CDB6 /* StudentProfileEditView.swift */ = {isa = PBXFileReference; lastKnownFileType = sourcecode.swift; path = StudentProfileEditView.swift; sourceTree = "<group>"; };
		366A9E24252FA11B0066CDB6 /* PortalPickerViews.swift */ = {isa = PBXFileReference; lastKnownFileType = sourcecode.swift; path = PortalPickerViews.swift; sourceTree = "<group>"; };
		366A9E2F252FA1530066CDB6 /* PortalCustomViews.swift */ = {isa = PBXFileReference; lastKnownFileType = sourcecode.swift; path = PortalCustomViews.swift; sourceTree = "<group>"; };
		366A9E41252FA6D30066CDB6 /* ViewExtensions.swift */ = {isa = PBXFileReference; lastKnownFileType = sourcecode.swift; path = ViewExtensions.swift; sourceTree = "<group>"; };
		366A9E64252FAC930066CDB6 /* DateExtensions.swift */ = {isa = PBXFileReference; lastKnownFileType = sourcecode.swift; path = DateExtensions.swift; sourceTree = "<group>"; };
		366A9E72252FB18F0066CDB6 /* ColorExtensions.swift */ = {isa = PBXFileReference; lastKnownFileType = sourcecode.swift; path = ColorExtensions.swift; sourceTree = "<group>"; };
		366A9E80252FE6550066CDB6 /* StudentTab.swift */ = {isa = PBXFileReference; lastKnownFileType = sourcecode.swift; path = StudentTab.swift; sourceTree = "<group>"; };
		367367842534E24C0010FA43 /* CharacterListView.swift */ = {isa = PBXFileReference; lastKnownFileType = sourcecode.swift; path = CharacterListView.swift; sourceTree = "<group>"; };
		367367892534E9600010FA43 /* ArrayExtensions.swift */ = {isa = PBXFileReference; lastKnownFileType = sourcecode.swift; path = ArrayExtensions.swift; sourceTree = "<group>"; };
		367367B2253530B00010FA43 /* ActorListView.swift */ = {isa = PBXFileReference; lastKnownFileType = sourcecode.swift; path = ActorListView.swift; sourceTree = "<group>"; };
		368459F42527FE3D00CA6851 /* userData.json */ = {isa = PBXFileReference; fileEncoding = 4; lastKnownFileType = text.json; path = userData.json; sourceTree = "<group>"; };
		368459F925282F8600CA6851 /* Student.swift */ = {isa = PBXFileReference; lastKnownFileType = sourcecode.swift; path = Student.swift; sourceTree = "<group>"; };
		36845A0425283F3E00CA6851 /* NextSteps.rtf */ = {isa = PBXFileReference; lastKnownFileType = text.rtf; path = NextSteps.rtf; sourceTree = "<group>"; };
		36845A0A2528CEB100CA6851 /* LoginView.swift */ = {isa = PBXFileReference; lastKnownFileType = sourcecode.swift; path = LoginView.swift; sourceTree = "<group>"; };
		36845A122528D29400CA6851 /* CreateUserView.swift */ = {isa = PBXFileReference; lastKnownFileType = sourcecode.swift; path = CreateUserView.swift; sourceTree = "<group>"; };
		36845A1F2529213800CA6851 /* LoginWrapperView.swift */ = {isa = PBXFileReference; lastKnownFileType = sourcecode.swift; path = LoginWrapperView.swift; sourceTree = "<group>"; };
		36845A3025292EB700CA6851 /* LinkUserView.swift */ = {isa = PBXFileReference; lastKnownFileType = sourcecode.swift; path = LinkUserView.swift; sourceTree = "<group>"; };
		36845A3525292FEC00CA6851 /* userPersonLinksData.json */ = {isa = PBXFileReference; fileEncoding = 4; lastKnownFileType = text.json; path = userPersonLinksData.json; sourceTree = "<group>"; };
		368C57192536364C0061419B /* conflictData.json */ = {isa = PBXFileReference; fileEncoding = 4; lastKnownFileType = text.json; path = conflictData.json; sourceTree = "<group>"; };
		368C574525376C3D0061419B /* ConflictEditView.swift */ = {isa = PBXFileReference; lastKnownFileType = sourcecode.swift; path = ConflictEditView.swift; sourceTree = "<group>"; };
		368C574D25376F790061419B /* Checkbox.swift */ = {isa = PBXFileReference; lastKnownFileType = sourcecode.swift; path = Checkbox.swift; sourceTree = "<group>"; };
		36B467032526EE660056E349 /* Colors.xcassets */ = {isa = PBXFileReference; lastKnownFileType = folder.assetcatalog; path = Colors.xcassets; sourceTree = "<group>"; };
		36B492D42538D1B100B77B79 /* SelectFilterView.swift */ = {isa = PBXFileReference; lastKnownFileType = sourcecode.swift; path = SelectFilterView.swift; sourceTree = "<group>"; };
		36B492F42539D17600B77B79 /* RehearsalFilter.swift */ = {isa = PBXFileReference; lastKnownFileType = sourcecode.swift; path = RehearsalFilter.swift; sourceTree = "<group>"; };
		36B49320253A2BC400B77B79 /* PrintableSchedule.swift */ = {isa = PBXFileReference; lastKnownFileType = sourcecode.swift; path = PrintableSchedule.swift; sourceTree = "<group>"; };
		36B49328253A75D200B77B79 /* RehearsalPrint.swift */ = {isa = PBXFileReference; lastKnownFileType = sourcecode.swift; path = RehearsalPrint.swift; sourceTree = "<group>"; };
		36B4932E253AAC0A00B77B79 /* MainHeader.swift */ = {isa = PBXFileReference; fileEncoding = 4; lastKnownFileType = sourcecode.swift; path = MainHeader.swift; sourceTree = "<group>"; };
		36B49333253AADC800B77B79 /* CustomField.swift */ = {isa = PBXFileReference; fileEncoding = 4; lastKnownFileType = sourcecode.swift; path = CustomField.swift; sourceTree = "<group>"; };
		36B49338253AAE3900B77B79 /* CustomButton.swift */ = {isa = PBXFileReference; fileEncoding = 4; lastKnownFileType = sourcecode.swift; path = CustomButton.swift; sourceTree = "<group>"; };
		36B4933D253AAE7200B77B79 /* CustomErrorArea.swift */ = {isa = PBXFileReference; fileEncoding = 4; lastKnownFileType = sourcecode.swift; path = CustomErrorArea.swift; sourceTree = "<group>"; };
		36B49342253AAED100B77B79 /* Constants.swift */ = {isa = PBXFileReference; lastKnownFileType = sourcecode.swift; path = Constants.swift; sourceTree = "<group>"; };
		36B4935B253B740A00B77B79 /* CustomViewHeader.swift */ = {isa = PBXFileReference; fileEncoding = 4; lastKnownFileType = sourcecode.swift; path = CustomViewHeader.swift; sourceTree = "<group>"; };
		36C2351525258C760065DDBA /* HomeTabbedView.swift */ = {isa = PBXFileReference; lastKnownFileType = sourcecode.swift; path = HomeTabbedView.swift; sourceTree = "<group>"; };
		36C4EF0D25259A8F000286F7 /* AdultProfileEditView.swift */ = {isa = PBXFileReference; lastKnownFileType = sourcecode.swift; path = AdultProfileEditView.swift; sourceTree = "<group>"; };
		36ED5EFC252529030022945C /* SYAAFamilyPortal.app */ = {isa = PBXFileReference; explicitFileType = wrapper.application; includeInIndex = 0; path = SYAAFamilyPortal.app; sourceTree = BUILT_PRODUCTS_DIR; };
		36ED5EFF252529030022945C /* SYAAFamilyPortalApp.swift */ = {isa = PBXFileReference; lastKnownFileType = sourcecode.swift; path = SYAAFamilyPortalApp.swift; sourceTree = "<group>"; };
		36ED5F01252529030022945C /* ContentView.swift */ = {isa = PBXFileReference; lastKnownFileType = sourcecode.swift; path = ContentView.swift; sourceTree = "<group>"; };
		36ED5F03252529030022945C /* Assets.xcassets */ = {isa = PBXFileReference; lastKnownFileType = folder.assetcatalog; path = Assets.xcassets; sourceTree = "<group>"; };
		36ED5F06252529030022945C /* Preview Assets.xcassets */ = {isa = PBXFileReference; lastKnownFileType = folder.assetcatalog; path = "Preview Assets.xcassets"; sourceTree = "<group>"; };
		36ED5F08252529030022945C /* Info.plist */ = {isa = PBXFileReference; lastKnownFileType = text.plist.xml; path = Info.plist; sourceTree = "<group>"; };
		36ED5F0D252529040022945C /* SYAAFamilyPortalTests.xctest */ = {isa = PBXFileReference; explicitFileType = wrapper.cfbundle; includeInIndex = 0; path = SYAAFamilyPortalTests.xctest; sourceTree = BUILT_PRODUCTS_DIR; };
		36ED5F11252529040022945C /* SYAAFamilyPortalTests.swift */ = {isa = PBXFileReference; lastKnownFileType = sourcecode.swift; path = SYAAFamilyPortalTests.swift; sourceTree = "<group>"; };
		36ED5F13252529040022945C /* Info.plist */ = {isa = PBXFileReference; lastKnownFileType = text.plist.xml; path = Info.plist; sourceTree = "<group>"; };
		36ED5F18252529040022945C /* SYAAFamilyPortalUITests.xctest */ = {isa = PBXFileReference; explicitFileType = wrapper.cfbundle; includeInIndex = 0; path = SYAAFamilyPortalUITests.xctest; sourceTree = BUILT_PRODUCTS_DIR; };
		36ED5F1C252529040022945C /* SYAAFamilyPortalUITests.swift */ = {isa = PBXFileReference; lastKnownFileType = sourcecode.swift; path = SYAAFamilyPortalUITests.swift; sourceTree = "<group>"; };
		36ED5F1E252529040022945C /* Info.plist */ = {isa = PBXFileReference; lastKnownFileType = text.plist.xml; path = Info.plist; sourceTree = "<group>"; };
		36ED5F3925252B650022945C /* Data.swift */ = {isa = PBXFileReference; lastKnownFileType = sourcecode.swift; path = Data.swift; sourceTree = "<group>"; };
		36ED5F4125252C970022945C /* Adult.swift */ = {isa = PBXFileReference; fileEncoding = 4; lastKnownFileType = sourcecode.swift; path = Adult.swift; sourceTree = "<group>"; };
		36ED5F4225252C970022945C /* User.swift */ = {isa = PBXFileReference; fileEncoding = 4; lastKnownFileType = sourcecode.swift; path = User.swift; sourceTree = "<group>"; };
		36ED5F4325252C970022945C /* Person.swift */ = {isa = PBXFileReference; fileEncoding = 4; lastKnownFileType = sourcecode.swift; path = Person.swift; sourceTree = "<group>"; };
		36ED5F5325252F690022945C /* Portal.swift */ = {isa = PBXFileReference; lastKnownFileType = sourcecode.swift; path = Portal.swift; sourceTree = "<group>"; };
		36ED5F5B252533C70022945C /* ProfileWrapperView.swift */ = {isa = PBXFileReference; lastKnownFileType = sourcecode.swift; path = ProfileWrapperView.swift; sourceTree = "<group>"; };
/* End PBXFileReference section */

/* Begin PBXFrameworksBuildPhase section */
		36ED5EF9252529020022945C /* Frameworks */ = {
			isa = PBXFrameworksBuildPhase;
			buildActionMask = 2147483647;
			files = (
				36C4EF152525A42D000286F7 /* AQUI in Frameworks */,
			);
			runOnlyForDeploymentPostprocessing = 0;
		};
		36ED5F0A252529040022945C /* Frameworks */ = {
			isa = PBXFrameworksBuildPhase;
			buildActionMask = 2147483647;
			files = (
			);
			runOnlyForDeploymentPostprocessing = 0;
		};
		36ED5F15252529040022945C /* Frameworks */ = {
			isa = PBXFrameworksBuildPhase;
			buildActionMask = 2147483647;
			files = (
			);
			runOnlyForDeploymentPostprocessing = 0;
		};
/* End PBXFrameworksBuildPhase section */

/* Begin PBXGroup section */
		36012A39253B776900F048FD /* ModalViews */ = {
			isa = PBXGroup;
			children = (
				36012A1C253B767700F048FD /* ForgotPasswordParentView.swift */,
				36012A21253B768300F048FD /* RequestPwdResetView.swift */,
				36012A26253B768700F048FD /* SentPwdResetView.swift */,
			);
			path = ModalViews;
			sourceTree = "<group>";
		};
		3630BDD52533757F002B5AC4 /* Profile */ = {
			isa = PBXGroup;
			children = (
				36ED5F4225252C970022945C /* User.swift */,
				36ED5F4125252C970022945C /* Adult.swift */,
				368459F925282F8600CA6851 /* Student.swift */,
				36ED5F4325252C970022945C /* Person.swift */,
			);
			path = Profile;
			sourceTree = "<group>";
		};
		3630BDD6253375B0002B5AC4 /* Production */ = {
			isa = PBXGroup;
			children = (
				3630BDDA253375FD002B5AC4 /* Production.swift */,
				3630BDDF25337672002B5AC4 /* Rehearsal.swift */,
				3630BDF125337A8B002B5AC4 /* Character.swift */,
				3630BDEC25337A45002B5AC4 /* CastingLink.swift */,
				3630BDE42533777B002B5AC4 /* Conflict.swift */,
			);
			path = Production;
			sourceTree = "<group>";
		};
		364B2DDF253100DB001E3436 /* Schedule */ = {
			isa = PBXGroup;
			children = (
				3602867125258E30009E0CA9 /* RehearsalsView.swift */,
				3630BE0D2533D230002B5AC4 /* RehearsalDetailView.swift */,
				367367842534E24C0010FA43 /* CharacterListView.swift */,
				367367B2253530B00010FA43 /* ActorListView.swift */,
				36B492D42538D1B100B77B79 /* SelectFilterView.swift */,
				36B49320253A2BC400B77B79 /* PrintableSchedule.swift */,
				365B78822535FCEA00CB49F0 /* Conflicts */,
			);
			path = Schedule;
			sourceTree = "<group>";
		};
		365801632527D151004AE6A7 /* Database */ = {
			isa = PBXGroup;
			children = (
				365801642527D801004AE6A7 /* PortalDatabase.swift */,
				36012A45253B863A00F048FD /* API.swift */,
				36012A4A253B890F00F048FD /* HTTPError.swift */,
				36012A4F253B8B4B00F048FD /* HTTPOutputProcessor.swift */,
			);
			path = Database;
			sourceTree = "<group>";
		};
		36596BFB253C13F3009050DB /* HelperStructs */ = {
			isa = PBXGroup;
			children = (
				36596BFC253C1418009050DB /* UpdateAdultData.swift */,
				36596C04253C14EE009050DB /* UpdateStudentData.swift */,
			);
			path = HelperStructs;
			sourceTree = "<group>";
		};
		365B78822535FCEA00CB49F0 /* Conflicts */ = {
			isa = PBXGroup;
			children = (
				365B78832535FD0800CB49F0 /* ConflictsListView.swift */,
				368C574525376C3D0061419B /* ConflictEditView.swift */,
				362D0BEA2537D41600DFCBEA /* ConflictAddView.swift */,
			);
			path = Conflicts;
			sourceTree = "<group>";
		};
		366A9E23252FA0FF0066CDB6 /* SupportingViews */ = {
			isa = PBXGroup;
			children = (
				366A9E2F252FA1530066CDB6 /* PortalCustomViews.swift */,
				366A9E24252FA11B0066CDB6 /* PortalPickerViews.swift */,
				366A9E80252FE6550066CDB6 /* StudentTab.swift */,
				364B2DB22530A331001E3436 /* AdultTab.swift */,
				3630BDFC2533AAD3002B5AC4 /* RehearsalTab.swift */,
				365B78912536007400CB49F0 /* ConflictTab.swift */,
				368C574D25376F790061419B /* Checkbox.swift */,
				36B49328253A75D200B77B79 /* RehearsalPrint.swift */,
			);
			path = SupportingViews;
			sourceTree = "<group>";
		};
		366A9E40252FA6B10066CDB6 /* Extensions */ = {
			isa = PBXGroup;
			children = (
				366A9E41252FA6D30066CDB6 /* ViewExtensions.swift */,
				366A9E64252FAC930066CDB6 /* DateExtensions.swift */,
				366A9E72252FB18F0066CDB6 /* ColorExtensions.swift */,
				367367892534E9600010FA43 /* ArrayExtensions.swift */,
				36012A63253BB8F300F048FD /* StringExtensions.swift */,
			);
			path = Extensions;
			sourceTree = "<group>";
		};
		36845A092528CEA100CA6851 /* Login */ = {
			isa = PBXGroup;
			children = (
				36845A1F2529213800CA6851 /* LoginWrapperView.swift */,
				36845A0A2528CEB100CA6851 /* LoginView.swift */,
				36845A122528D29400CA6851 /* CreateUserView.swift */,
				36845A3025292EB700CA6851 /* LinkUserView.swift */,
				36012A39253B776900F048FD /* ModalViews */,
				36B4932D253AABD800B77B79 /* SupportingViews */,
			);
			path = Login;
			sourceTree = "<group>";
		};
		36B4932D253AABD800B77B79 /* SupportingViews */ = {
			isa = PBXGroup;
			children = (
				36B49338253AAE3900B77B79 /* CustomButton.swift */,
				36B4933D253AAE7200B77B79 /* CustomErrorArea.swift */,
				36B49333253AADC800B77B79 /* CustomField.swift */,
				36012A2E253B76C700F048FD /* CustomText.swift */,
				36B4935B253B740A00B77B79 /* CustomViewHeader.swift */,
				36B4932E253AAC0A00B77B79 /* MainHeader.swift */,
			);
			path = SupportingViews;
			sourceTree = "<group>";
		};
		36ED5EF3252529020022945C = {
			isa = PBXGroup;
			children = (
				36ED5EFE252529030022945C /* SYAAFamilyPortal */,
				36ED5F10252529040022945C /* SYAAFamilyPortalTests */,
				36ED5F1B252529040022945C /* SYAAFamilyPortalUITests */,
				36ED5EFD252529030022945C /* Products */,
			);
			sourceTree = "<group>";
		};
		36ED5EFD252529030022945C /* Products */ = {
			isa = PBXGroup;
			children = (
				36ED5EFC252529030022945C /* SYAAFamilyPortal.app */,
				36ED5F0D252529040022945C /* SYAAFamilyPortalTests.xctest */,
				36ED5F18252529040022945C /* SYAAFamilyPortalUITests.xctest */,
			);
			name = Products;
			sourceTree = "<group>";
		};
		36ED5EFE252529030022945C /* SYAAFamilyPortal */ = {
			isa = PBXGroup;
			children = (
				36ED5EFF252529030022945C /* SYAAFamilyPortalApp.swift */,
				36ED5F01252529030022945C /* ContentView.swift */,
				36845A092528CEA100CA6851 /* Login */,
				36C2351525258C760065DDBA /* HomeTabbedView.swift */,
				36ED5F4A25252DF90022945C /* Profile */,
				364B2DDF253100DB001E3436 /* Schedule */,
				366A9E23252FA0FF0066CDB6 /* SupportingViews */,
				366A9E40252FA6B10066CDB6 /* Extensions */,
				36ED5F3825252B570022945C /* Model */,
				36ED5F03252529030022945C /* Assets.xcassets */,
				36B467032526EE660056E349 /* Colors.xcassets */,
				36B49342253AAED100B77B79 /* Constants.swift */,
				36ED5F08252529030022945C /* Info.plist */,
				36012A40253B838300F048FD /* Secure.plist */,
				36ED5F33252529FF0022945C /* DataSources */,
				36ED5F05252529030022945C /* Preview Content */,
			);
			path = SYAAFamilyPortal;
			sourceTree = "<group>";
		};
		36ED5F05252529030022945C /* Preview Content */ = {
			isa = PBXGroup;
			children = (
				36ED5F06252529030022945C /* Preview Assets.xcassets */,
			);
			path = "Preview Content";
			sourceTree = "<group>";
		};
		36ED5F10252529040022945C /* SYAAFamilyPortalTests */ = {
			isa = PBXGroup;
			children = (
				36ED5F11252529040022945C /* SYAAFamilyPortalTests.swift */,
				36ED5F13252529040022945C /* Info.plist */,
			);
			path = SYAAFamilyPortalTests;
			sourceTree = "<group>";
		};
		36ED5F1B252529040022945C /* SYAAFamilyPortalUITests */ = {
			isa = PBXGroup;
			children = (
				36ED5F1C252529040022945C /* SYAAFamilyPortalUITests.swift */,
				36ED5F1E252529040022945C /* Info.plist */,
			);
			path = SYAAFamilyPortalUITests;
			sourceTree = "<group>";
		};
		36ED5F33252529FF0022945C /* DataSources */ = {
			isa = PBXGroup;
			children = (
				368459F42527FE3D00CA6851 /* userData.json */,
				3630BDA325324AF3002B5AC4 /* adultData.json */,
				3630BDB325324F05002B5AC4 /* studentData.json */,
				36845A3525292FEC00CA6851 /* userPersonLinksData.json */,
				366A9E15252F97EC0066CDB6 /* familyLinksData.json */,
				3630BDD02533754B002B5AC4 /* productionData.json */,
				368C57192536364C0061419B /* conflictData.json */,
				365DC28025262B1E00312C05 /* states.json */,
				36845A0425283F3E00CA6851 /* NextSteps.rtf */,
			);
			path = DataSources;
			sourceTree = "<group>";
		};
		36ED5F3825252B570022945C /* Model */ = {
			isa = PBXGroup;
			children = (
				36ED5F3925252B650022945C /* Data.swift */,
				36ED5F5325252F690022945C /* Portal.swift */,
				36B492F42539D17600B77B79 /* RehearsalFilter.swift */,
				36596BFB253C13F3009050DB /* HelperStructs */,
				365801632527D151004AE6A7 /* Database */,
				3630BDD52533757F002B5AC4 /* Profile */,
				3630BDD6253375B0002B5AC4 /* Production */,
			);
			path = Model;
			sourceTree = "<group>";
		};
		36ED5F4A25252DF90022945C /* Profile */ = {
			isa = PBXGroup;
			children = (
				36ED5F5B252533C70022945C /* ProfileWrapperView.swift */,
				36C4EF0D25259A8F000286F7 /* AdultProfileEditView.swift */,
				366A9E1E252F9E210066CDB6 /* StudentProfileEditView.swift */,
			);
			path = Profile;
			sourceTree = "<group>";
		};
/* End PBXGroup section */

/* Begin PBXNativeTarget section */
		36ED5EFB252529020022945C /* SYAAFamilyPortal */ = {
			isa = PBXNativeTarget;
			buildConfigurationList = 36ED5F21252529040022945C /* Build configuration list for PBXNativeTarget "SYAAFamilyPortal" */;
			buildPhases = (
				36ED5EF8252529020022945C /* Sources */,
				36ED5EF9252529020022945C /* Frameworks */,
				36ED5EFA252529020022945C /* Resources */,
				364B2DDB2531004D001E3436 /* ShellScript */,
			);
			buildRules = (
			);
			dependencies = (
			);
			name = SYAAFamilyPortal;
			packageProductDependencies = (
				36C4EF142525A42D000286F7 /* AQUI */,
			);
			productName = SYAAFamilyPortal;
			productReference = 36ED5EFC252529030022945C /* SYAAFamilyPortal.app */;
			productType = "com.apple.product-type.application";
		};
		36ED5F0C252529040022945C /* SYAAFamilyPortalTests */ = {
			isa = PBXNativeTarget;
			buildConfigurationList = 36ED5F24252529040022945C /* Build configuration list for PBXNativeTarget "SYAAFamilyPortalTests" */;
			buildPhases = (
				36ED5F09252529040022945C /* Sources */,
				36ED5F0A252529040022945C /* Frameworks */,
				36ED5F0B252529040022945C /* Resources */,
			);
			buildRules = (
			);
			dependencies = (
				36ED5F0F252529040022945C /* PBXTargetDependency */,
			);
			name = SYAAFamilyPortalTests;
			productName = SYAAFamilyPortalTests;
			productReference = 36ED5F0D252529040022945C /* SYAAFamilyPortalTests.xctest */;
			productType = "com.apple.product-type.bundle.unit-test";
		};
		36ED5F17252529040022945C /* SYAAFamilyPortalUITests */ = {
			isa = PBXNativeTarget;
			buildConfigurationList = 36ED5F27252529040022945C /* Build configuration list for PBXNativeTarget "SYAAFamilyPortalUITests" */;
			buildPhases = (
				36ED5F14252529040022945C /* Sources */,
				36ED5F15252529040022945C /* Frameworks */,
				36ED5F16252529040022945C /* Resources */,
			);
			buildRules = (
			);
			dependencies = (
				36ED5F1A252529040022945C /* PBXTargetDependency */,
			);
			name = SYAAFamilyPortalUITests;
			productName = SYAAFamilyPortalUITests;
			productReference = 36ED5F18252529040022945C /* SYAAFamilyPortalUITests.xctest */;
			productType = "com.apple.product-type.bundle.ui-testing";
		};
/* End PBXNativeTarget section */

/* Begin PBXProject section */
		36ED5EF4252529020022945C /* Project object */ = {
			isa = PBXProject;
			attributes = {
				LastSwiftUpdateCheck = 1200;
				LastUpgradeCheck = 1200;
				TargetAttributes = {
					36ED5EFB252529020022945C = {
						CreatedOnToolsVersion = 12.0;
					};
					36ED5F0C252529040022945C = {
						CreatedOnToolsVersion = 12.0;
						TestTargetID = 36ED5EFB252529020022945C;
					};
					36ED5F17252529040022945C = {
						CreatedOnToolsVersion = 12.0;
						TestTargetID = 36ED5EFB252529020022945C;
					};
				};
			};
			buildConfigurationList = 36ED5EF7252529020022945C /* Build configuration list for PBXProject "SYAAFamilyPortal" */;
			compatibilityVersion = "Xcode 9.3";
			developmentRegion = en;
			hasScannedForEncodings = 0;
			knownRegions = (
				en,
				Base,
			);
			mainGroup = 36ED5EF3252529020022945C;
			packageReferences = (
				36C4EF132525A42D000286F7 /* XCRemoteSwiftPackageReference "AQUI" */,
			);
			productRefGroup = 36ED5EFD252529030022945C /* Products */;
			projectDirPath = "";
			projectRoot = "";
			targets = (
				36ED5EFB252529020022945C /* SYAAFamilyPortal */,
				36ED5F0C252529040022945C /* SYAAFamilyPortalTests */,
				36ED5F17252529040022945C /* SYAAFamilyPortalUITests */,
			);
		};
/* End PBXProject section */

/* Begin PBXResourcesBuildPhase section */
		36ED5EFA252529020022945C /* Resources */ = {
			isa = PBXResourcesBuildPhase;
			buildActionMask = 2147483647;
			files = (
				36012A41253B838300F048FD /* Secure.plist in Resources */,
				3630BDA425324AF3002B5AC4 /* adultData.json in Resources */,
				368C571A2536364C0061419B /* conflictData.json in Resources */,
				3630BDB425324F05002B5AC4 /* studentData.json in Resources */,
				36B467042526EE660056E349 /* Colors.xcassets in Resources */,
				36ED5F07252529030022945C /* Preview Assets.xcassets in Resources */,
				36845A3625292FEC00CA6851 /* userPersonLinksData.json in Resources */,
				36ED5F04252529030022945C /* Assets.xcassets in Resources */,
				36845A0525283F3E00CA6851 /* NextSteps.rtf in Resources */,
				366A9E17252F97EC0066CDB6 /* familyLinksData.json in Resources */,
				365DC28125262B1E00312C05 /* states.json in Resources */,
				368459F52527FE3D00CA6851 /* userData.json in Resources */,
				3630BDD12533754B002B5AC4 /* productionData.json in Resources */,
			);
			runOnlyForDeploymentPostprocessing = 0;
		};
		36ED5F0B252529040022945C /* Resources */ = {
			isa = PBXResourcesBuildPhase;
			buildActionMask = 2147483647;
			files = (
			);
			runOnlyForDeploymentPostprocessing = 0;
		};
		36ED5F16252529040022945C /* Resources */ = {
			isa = PBXResourcesBuildPhase;
			buildActionMask = 2147483647;
			files = (
			);
			runOnlyForDeploymentPostprocessing = 0;
		};
/* End PBXResourcesBuildPhase section */

/* Begin PBXShellScriptBuildPhase section */
		364B2DDB2531004D001E3436 /* ShellScript */ = {
			isa = PBXShellScriptBuildPhase;
			buildActionMask = 2147483647;
			files = (
			);
			inputFileListPaths = (
			);
			inputPaths = (
			);
			outputFileListPaths = (
			);
			outputPaths = (
			);
			runOnlyForDeploymentPostprocessing = 0;
			shellPath = /bin/sh;
			shellScript = "# Type a script or drag a script file from your workspace to insert its path.\nTAGS=\"NEXT:\"\n#TAGS=\"TODO:|FIXME:\"\nERRORTAG=\"ERROR:\"\nfind \"${SRCROOT}\" \\( -name \"*.h\" -or -name \"*.m\" -or -name \"*.swift\" \\) -print0 | xargs -0 egrep --with-filename --line-number --only-matching \"($TAGS).*\\$|($ERRORTAG).*\\$\" | perl -p -e \"s/($TAGS)/ warning: \\$1/\" | perl -p -e \"s/($ERRORTAG)/ error: \\$1/\"\n";
		};
/* End PBXShellScriptBuildPhase section */

/* Begin PBXSourcesBuildPhase section */
		36ED5EF8252529020022945C /* Sources */ = {
			isa = PBXSourcesBuildPhase;
			buildActionMask = 2147483647;
			files = (
				364B2DB32530A331001E3436 /* AdultTab.swift in Sources */,
				3630BDF225337A8B002B5AC4 /* Character.swift in Sources */,
				366A9E42252FA6D30066CDB6 /* ViewExtensions.swift in Sources */,
				36C2351625258C760065DDBA /* HomeTabbedView.swift in Sources */,
				36845A132528D29400CA6851 /* CreateUserView.swift in Sources */,
				3630BDE52533777B002B5AC4 /* Conflict.swift in Sources */,
				3630BDDB253375FD002B5AC4 /* Production.swift in Sources */,
				3602867225258E30009E0CA9 /* RehearsalsView.swift in Sources */,
				36B4932F253AAC0A00B77B79 /* MainHeader.swift in Sources */,
				36ED5F4625252C970022945C /* Person.swift in Sources */,
				36845A3125292EB700CA6851 /* LinkUserView.swift in Sources */,
				36ED5F5425252F690022945C /* Portal.swift in Sources */,
				367367852534E24C0010FA43 /* CharacterListView.swift in Sources */,
				368C574625376C3D0061419B /* ConflictEditView.swift in Sources */,
				36012A64253BB8F300F048FD /* StringExtensions.swift in Sources */,
				36ED5F4425252C970022945C /* Adult.swift in Sources */,
				367367B3253530B00010FA43 /* ActorListView.swift in Sources */,
				36B49321253A2BC400B77B79 /* PrintableSchedule.swift in Sources */,
				36012A50253B8B4B00F048FD /* HTTPOutputProcessor.swift in Sources */,
				366A9E25252FA11B0066CDB6 /* PortalPickerViews.swift in Sources */,
				36ED5F02252529030022945C /* ContentView.swift in Sources */,
				36B49339253AAE3900B77B79 /* CustomButton.swift in Sources */,
				3673678A2534E9600010FA43 /* ArrayExtensions.swift in Sources */,
				365801652527D801004AE6A7 /* PortalDatabase.swift in Sources */,
				368459FA25282F8600CA6851 /* Student.swift in Sources */,
				36845A0B2528CEB100CA6851 /* LoginView.swift in Sources */,
				36B49343253AAED100B77B79 /* Constants.swift in Sources */,
				36B4935C253B740A00B77B79 /* CustomViewHeader.swift in Sources */,
				366A9E65252FAC930066CDB6 /* DateExtensions.swift in Sources */,
				36C4EF0E25259A8F000286F7 /* AdultProfileEditView.swift in Sources */,
				368C574E25376F790061419B /* Checkbox.swift in Sources */,
				362D0BEB2537D41600DFCBEA /* ConflictAddView.swift in Sources */,
				36845A202529213800CA6851 /* LoginWrapperView.swift in Sources */,
				366A9E30252FA1530066CDB6 /* PortalCustomViews.swift in Sources */,
				36596C05253C14EE009050DB /* UpdateStudentData.swift in Sources */,
				36ED5F3A25252B650022945C /* Data.swift in Sources */,
				3630BDED25337A45002B5AC4 /* CastingLink.swift in Sources */,
				3630BDE025337672002B5AC4 /* Rehearsal.swift in Sources */,
				36012A2F253B76C700F048FD /* CustomText.swift in Sources */,
				36596BFD253C1418009050DB /* UpdateAdultData.swift in Sources */,
				36ED5F4525252C970022945C /* User.swift in Sources */,
				3630BE0E2533D230002B5AC4 /* RehearsalDetailView.swift in Sources */,
				36012A1D253B767700F048FD /* ForgotPasswordParentView.swift in Sources */,
				365B78842535FD0800CB49F0 /* ConflictsListView.swift in Sources */,
				365B78922536007400CB49F0 /* ConflictTab.swift in Sources */,
				36B49334253AADC900B77B79 /* CustomField.swift in Sources */,
				366A9E1F252F9E210066CDB6 /* StudentProfileEditView.swift in Sources */,
				36B492D52538D1B100B77B79 /* SelectFilterView.swift in Sources */,
				36012A4B253B890F00F048FD /* HTTPError.swift in Sources */,
				36012A46253B863A00F048FD /* API.swift in Sources */,
				3630BDFD2533AAD3002B5AC4 /* RehearsalTab.swift in Sources */,
				36012A27253B768700F048FD /* SentPwdResetView.swift in Sources */,
				366A9E81252FE6550066CDB6 /* StudentTab.swift in Sources */,
				36ED5F5C252533C70022945C /* ProfileWrapperView.swift in Sources */,
				36012A22253B768300F048FD /* RequestPwdResetView.swift in Sources */,
				36ED5F00252529030022945C /* SYAAFamilyPortalApp.swift in Sources */,
				366A9E73252FB18F0066CDB6 /* ColorExtensions.swift in Sources */,
				36B4933E253AAE7200B77B79 /* CustomErrorArea.swift in Sources */,
				36B49329253A75D200B77B79 /* RehearsalPrint.swift in Sources */,
				36B492F52539D17600B77B79 /* RehearsalFilter.swift in Sources */,
			);
			runOnlyForDeploymentPostprocessing = 0;
		};
		36ED5F09252529040022945C /* Sources */ = {
			isa = PBXSourcesBuildPhase;
			buildActionMask = 2147483647;
			files = (
				36ED5F12252529040022945C /* SYAAFamilyPortalTests.swift in Sources */,
			);
			runOnlyForDeploymentPostprocessing = 0;
		};
		36ED5F14252529040022945C /* Sources */ = {
			isa = PBXSourcesBuildPhase;
			buildActionMask = 2147483647;
			files = (
				36ED5F1D252529040022945C /* SYAAFamilyPortalUITests.swift in Sources */,
			);
			runOnlyForDeploymentPostprocessing = 0;
		};
/* End PBXSourcesBuildPhase section */

/* Begin PBXTargetDependency section */
		36ED5F0F252529040022945C /* PBXTargetDependency */ = {
			isa = PBXTargetDependency;
			target = 36ED5EFB252529020022945C /* SYAAFamilyPortal */;
			targetProxy = 36ED5F0E252529040022945C /* PBXContainerItemProxy */;
		};
		36ED5F1A252529040022945C /* PBXTargetDependency */ = {
			isa = PBXTargetDependency;
			target = 36ED5EFB252529020022945C /* SYAAFamilyPortal */;
			targetProxy = 36ED5F19252529040022945C /* PBXContainerItemProxy */;
		};
/* End PBXTargetDependency section */

/* Begin XCBuildConfiguration section */
		36ED5F1F252529040022945C /* Debug */ = {
			isa = XCBuildConfiguration;
			buildSettings = {
				ALWAYS_SEARCH_USER_PATHS = NO;
				CLANG_ANALYZER_NONNULL = YES;
				CLANG_ANALYZER_NUMBER_OBJECT_CONVERSION = YES_AGGRESSIVE;
				CLANG_CXX_LANGUAGE_STANDARD = "gnu++14";
				CLANG_CXX_LIBRARY = "libc++";
				CLANG_ENABLE_MODULES = YES;
				CLANG_ENABLE_OBJC_ARC = YES;
				CLANG_ENABLE_OBJC_WEAK = YES;
				CLANG_WARN_BLOCK_CAPTURE_AUTORELEASING = YES;
				CLANG_WARN_BOOL_CONVERSION = YES;
				CLANG_WARN_COMMA = YES;
				CLANG_WARN_CONSTANT_CONVERSION = YES;
				CLANG_WARN_DEPRECATED_OBJC_IMPLEMENTATIONS = YES;
				CLANG_WARN_DIRECT_OBJC_ISA_USAGE = YES_ERROR;
				CLANG_WARN_DOCUMENTATION_COMMENTS = YES;
				CLANG_WARN_EMPTY_BODY = YES;
				CLANG_WARN_ENUM_CONVERSION = YES;
				CLANG_WARN_INFINITE_RECURSION = YES;
				CLANG_WARN_INT_CONVERSION = YES;
				CLANG_WARN_NON_LITERAL_NULL_CONVERSION = YES;
				CLANG_WARN_OBJC_IMPLICIT_RETAIN_SELF = YES;
				CLANG_WARN_OBJC_LITERAL_CONVERSION = YES;
				CLANG_WARN_OBJC_ROOT_CLASS = YES_ERROR;
				CLANG_WARN_QUOTED_INCLUDE_IN_FRAMEWORK_HEADER = YES;
				CLANG_WARN_RANGE_LOOP_ANALYSIS = YES;
				CLANG_WARN_STRICT_PROTOTYPES = YES;
				CLANG_WARN_SUSPICIOUS_MOVE = YES;
				CLANG_WARN_UNGUARDED_AVAILABILITY = YES_AGGRESSIVE;
				CLANG_WARN_UNREACHABLE_CODE = YES;
				CLANG_WARN__DUPLICATE_METHOD_MATCH = YES;
				COPY_PHASE_STRIP = NO;
				DEBUG_INFORMATION_FORMAT = dwarf;
				ENABLE_STRICT_OBJC_MSGSEND = YES;
				ENABLE_TESTABILITY = YES;
				GCC_C_LANGUAGE_STANDARD = gnu11;
				GCC_DYNAMIC_NO_PIC = NO;
				GCC_NO_COMMON_BLOCKS = YES;
				GCC_OPTIMIZATION_LEVEL = 0;
				GCC_PREPROCESSOR_DEFINITIONS = (
					"DEBUG=1",
					"$(inherited)",
				);
				GCC_WARN_64_TO_32_BIT_CONVERSION = YES;
				GCC_WARN_ABOUT_RETURN_TYPE = YES_ERROR;
				GCC_WARN_UNDECLARED_SELECTOR = YES;
				GCC_WARN_UNINITIALIZED_AUTOS = YES_AGGRESSIVE;
				GCC_WARN_UNUSED_FUNCTION = YES;
				GCC_WARN_UNUSED_VARIABLE = YES;
				IPHONEOS_DEPLOYMENT_TARGET = 14.0;
				MTL_ENABLE_DEBUG_INFO = INCLUDE_SOURCE;
				MTL_FAST_MATH = YES;
				ONLY_ACTIVE_ARCH = YES;
				PRODUCT_NAME = "";
				SDKROOT = iphoneos;
				SWIFT_ACTIVE_COMPILATION_CONDITIONS = DEBUG;
				SWIFT_OPTIMIZATION_LEVEL = "-Onone";
			};
			name = Debug;
		};
		36ED5F20252529040022945C /* Release */ = {
			isa = XCBuildConfiguration;
			buildSettings = {
				ALWAYS_SEARCH_USER_PATHS = NO;
				CLANG_ANALYZER_NONNULL = YES;
				CLANG_ANALYZER_NUMBER_OBJECT_CONVERSION = YES_AGGRESSIVE;
				CLANG_CXX_LANGUAGE_STANDARD = "gnu++14";
				CLANG_CXX_LIBRARY = "libc++";
				CLANG_ENABLE_MODULES = YES;
				CLANG_ENABLE_OBJC_ARC = YES;
				CLANG_ENABLE_OBJC_WEAK = YES;
				CLANG_WARN_BLOCK_CAPTURE_AUTORELEASING = YES;
				CLANG_WARN_BOOL_CONVERSION = YES;
				CLANG_WARN_COMMA = YES;
				CLANG_WARN_CONSTANT_CONVERSION = YES;
				CLANG_WARN_DEPRECATED_OBJC_IMPLEMENTATIONS = YES;
				CLANG_WARN_DIRECT_OBJC_ISA_USAGE = YES_ERROR;
				CLANG_WARN_DOCUMENTATION_COMMENTS = YES;
				CLANG_WARN_EMPTY_BODY = YES;
				CLANG_WARN_ENUM_CONVERSION = YES;
				CLANG_WARN_INFINITE_RECURSION = YES;
				CLANG_WARN_INT_CONVERSION = YES;
				CLANG_WARN_NON_LITERAL_NULL_CONVERSION = YES;
				CLANG_WARN_OBJC_IMPLICIT_RETAIN_SELF = YES;
				CLANG_WARN_OBJC_LITERAL_CONVERSION = YES;
				CLANG_WARN_OBJC_ROOT_CLASS = YES_ERROR;
				CLANG_WARN_QUOTED_INCLUDE_IN_FRAMEWORK_HEADER = YES;
				CLANG_WARN_RANGE_LOOP_ANALYSIS = YES;
				CLANG_WARN_STRICT_PROTOTYPES = YES;
				CLANG_WARN_SUSPICIOUS_MOVE = YES;
				CLANG_WARN_UNGUARDED_AVAILABILITY = YES_AGGRESSIVE;
				CLANG_WARN_UNREACHABLE_CODE = YES;
				CLANG_WARN__DUPLICATE_METHOD_MATCH = YES;
				COPY_PHASE_STRIP = NO;
				DEBUG_INFORMATION_FORMAT = "dwarf-with-dsym";
				ENABLE_NS_ASSERTIONS = NO;
				ENABLE_STRICT_OBJC_MSGSEND = YES;
				GCC_C_LANGUAGE_STANDARD = gnu11;
				GCC_NO_COMMON_BLOCKS = YES;
				GCC_WARN_64_TO_32_BIT_CONVERSION = YES;
				GCC_WARN_ABOUT_RETURN_TYPE = YES_ERROR;
				GCC_WARN_UNDECLARED_SELECTOR = YES;
				GCC_WARN_UNINITIALIZED_AUTOS = YES_AGGRESSIVE;
				GCC_WARN_UNUSED_FUNCTION = YES;
				GCC_WARN_UNUSED_VARIABLE = YES;
				IPHONEOS_DEPLOYMENT_TARGET = 14.0;
				MTL_ENABLE_DEBUG_INFO = NO;
				MTL_FAST_MATH = YES;
				PRODUCT_NAME = "";
				SDKROOT = iphoneos;
				SWIFT_COMPILATION_MODE = wholemodule;
				SWIFT_OPTIMIZATION_LEVEL = "-O";
				VALIDATE_PRODUCT = YES;
			};
			name = Release;
		};
		36ED5F22252529040022945C /* Debug */ = {
			isa = XCBuildConfiguration;
			buildSettings = {
				ASSETCATALOG_COMPILER_APPICON_NAME = AppIcon;
				ASSETCATALOG_COMPILER_GLOBAL_ACCENT_COLOR_NAME = AccentColor;
				CODE_SIGN_STYLE = Automatic;
				DEVELOPMENT_ASSET_PATHS = "\"SYAAFamilyPortal/Preview Content\"";
				DEVELOPMENT_TEAM = MV7733G8N3;
				ENABLE_PREVIEWS = YES;
				INFOPLIST_FILE = SYAAFamilyPortal/Info.plist;
				IPHONEOS_DEPLOYMENT_TARGET = 14.0;
				LD_RUNPATH_SEARCH_PATHS = (
					"$(inherited)",
					"@executable_path/Frameworks",
				);
				PRODUCT_BUNDLE_IDENTIFIER = com.FortySomethingNerd.SYAAFamilyPortal;
				PRODUCT_NAME = "$(TARGET_NAME)";
				SWIFT_VERSION = 5.0;
				TARGETED_DEVICE_FAMILY = 1;
			};
			name = Debug;
		};
		36ED5F23252529040022945C /* Release */ = {
			isa = XCBuildConfiguration;
			buildSettings = {
				ASSETCATALOG_COMPILER_APPICON_NAME = AppIcon;
				ASSETCATALOG_COMPILER_GLOBAL_ACCENT_COLOR_NAME = AccentColor;
				CODE_SIGN_STYLE = Automatic;
				DEVELOPMENT_ASSET_PATHS = "\"SYAAFamilyPortal/Preview Content\"";
				DEVELOPMENT_TEAM = MV7733G8N3;
				ENABLE_PREVIEWS = YES;
				INFOPLIST_FILE = SYAAFamilyPortal/Info.plist;
				IPHONEOS_DEPLOYMENT_TARGET = 14.0;
				LD_RUNPATH_SEARCH_PATHS = (
					"$(inherited)",
					"@executable_path/Frameworks",
				);
				PRODUCT_BUNDLE_IDENTIFIER = com.FortySomethingNerd.SYAAFamilyPortal;
				PRODUCT_NAME = "$(TARGET_NAME)";
				SWIFT_VERSION = 5.0;
				TARGETED_DEVICE_FAMILY = 1;
			};
			name = Release;
		};
		36ED5F25252529040022945C /* Debug */ = {
			isa = XCBuildConfiguration;
			buildSettings = {
				ALWAYS_EMBED_SWIFT_STANDARD_LIBRARIES = YES;
				BUNDLE_LOADER = "$(TEST_HOST)";
				CODE_SIGN_STYLE = Automatic;
				DEVELOPMENT_TEAM = MV7733G8N3;
				INFOPLIST_FILE = SYAAFamilyPortalTests/Info.plist;
				IPHONEOS_DEPLOYMENT_TARGET = 14.0;
				LD_RUNPATH_SEARCH_PATHS = (
					"$(inherited)",
					"@executable_path/Frameworks",
					"@loader_path/Frameworks",
				);
				PRODUCT_BUNDLE_IDENTIFIER = com.FortySomethingNerd.SYAAFamilyPortalTests;
				PRODUCT_NAME = "$(TARGET_NAME)";
				SWIFT_VERSION = 5.0;
				TARGETED_DEVICE_FAMILY = "1,2";
				TEST_HOST = "$(BUILT_PRODUCTS_DIR)/SYAAFamilyPortal.app/SYAAFamilyPortal";
			};
			name = Debug;
		};
		36ED5F26252529040022945C /* Release */ = {
			isa = XCBuildConfiguration;
			buildSettings = {
				ALWAYS_EMBED_SWIFT_STANDARD_LIBRARIES = YES;
				BUNDLE_LOADER = "$(TEST_HOST)";
				CODE_SIGN_STYLE = Automatic;
				DEVELOPMENT_TEAM = MV7733G8N3;
				INFOPLIST_FILE = SYAAFamilyPortalTests/Info.plist;
				IPHONEOS_DEPLOYMENT_TARGET = 14.0;
				LD_RUNPATH_SEARCH_PATHS = (
					"$(inherited)",
					"@executable_path/Frameworks",
					"@loader_path/Frameworks",
				);
				PRODUCT_BUNDLE_IDENTIFIER = com.FortySomethingNerd.SYAAFamilyPortalTests;
				PRODUCT_NAME = "$(TARGET_NAME)";
				SWIFT_VERSION = 5.0;
				TARGETED_DEVICE_FAMILY = "1,2";
				TEST_HOST = "$(BUILT_PRODUCTS_DIR)/SYAAFamilyPortal.app/SYAAFamilyPortal";
			};
			name = Release;
		};
		36ED5F28252529040022945C /* Debug */ = {
			isa = XCBuildConfiguration;
			buildSettings = {
				ALWAYS_EMBED_SWIFT_STANDARD_LIBRARIES = YES;
				CODE_SIGN_STYLE = Automatic;
				DEVELOPMENT_TEAM = MV7733G8N3;
				INFOPLIST_FILE = SYAAFamilyPortalUITests/Info.plist;
				LD_RUNPATH_SEARCH_PATHS = (
					"$(inherited)",
					"@executable_path/Frameworks",
					"@loader_path/Frameworks",
				);
				PRODUCT_BUNDLE_IDENTIFIER = com.FortySomethingNerd.SYAAFamilyPortalUITests;
				PRODUCT_NAME = "$(TARGET_NAME)";
				SWIFT_VERSION = 5.0;
				TARGETED_DEVICE_FAMILY = "1,2";
				TEST_TARGET_NAME = SYAAFamilyPortal;
			};
			name = Debug;
		};
		36ED5F29252529040022945C /* Release */ = {
			isa = XCBuildConfiguration;
			buildSettings = {
				ALWAYS_EMBED_SWIFT_STANDARD_LIBRARIES = YES;
				CODE_SIGN_STYLE = Automatic;
				DEVELOPMENT_TEAM = MV7733G8N3;
				INFOPLIST_FILE = SYAAFamilyPortalUITests/Info.plist;
				LD_RUNPATH_SEARCH_PATHS = (
					"$(inherited)",
					"@executable_path/Frameworks",
					"@loader_path/Frameworks",
				);
				PRODUCT_BUNDLE_IDENTIFIER = com.FortySomethingNerd.SYAAFamilyPortalUITests;
				PRODUCT_NAME = "$(TARGET_NAME)";
				SWIFT_VERSION = 5.0;
				TARGETED_DEVICE_FAMILY = "1,2";
				TEST_TARGET_NAME = SYAAFamilyPortal;
			};
			name = Release;
		};
/* End XCBuildConfiguration section */

/* Begin XCConfigurationList section */
		36ED5EF7252529020022945C /* Build configuration list for PBXProject "SYAAFamilyPortal" */ = {
			isa = XCConfigurationList;
			buildConfigurations = (
				36ED5F1F252529040022945C /* Debug */,
				36ED5F20252529040022945C /* Release */,
			);
			defaultConfigurationIsVisible = 0;
			defaultConfigurationName = Release;
		};
		36ED5F21252529040022945C /* Build configuration list for PBXNativeTarget "SYAAFamilyPortal" */ = {
			isa = XCConfigurationList;
			buildConfigurations = (
				36ED5F22252529040022945C /* Debug */,
				36ED5F23252529040022945C /* Release */,
			);
			defaultConfigurationIsVisible = 0;
			defaultConfigurationName = Release;
		};
		36ED5F24252529040022945C /* Build configuration list for PBXNativeTarget "SYAAFamilyPortalTests" */ = {
			isa = XCConfigurationList;
			buildConfigurations = (
				36ED5F25252529040022945C /* Debug */,
				36ED5F26252529040022945C /* Release */,
			);
			defaultConfigurationIsVisible = 0;
			defaultConfigurationName = Release;
		};
		36ED5F27252529040022945C /* Build configuration list for PBXNativeTarget "SYAAFamilyPortalUITests" */ = {
			isa = XCConfigurationList;
			buildConfigurations = (
				36ED5F28252529040022945C /* Debug */,
				36ED5F29252529040022945C /* Release */,
			);
			defaultConfigurationIsVisible = 0;
			defaultConfigurationName = Release;
		};
/* End XCConfigurationList section */

/* Begin XCRemoteSwiftPackageReference section */
		36C4EF132525A42D000286F7 /* XCRemoteSwiftPackageReference "AQUI" */ = {
			isa = XCRemoteSwiftPackageReference;
			repositoryURL = "https://github.com/AlanQuatermain/AQUI.git";
			requirement = {
				kind = upToNextMajorVersion;
				minimumVersion = 0.1.5;
			};
		};
/* End XCRemoteSwiftPackageReference section */

/* Begin XCSwiftPackageProductDependency section */
		36C4EF142525A42D000286F7 /* AQUI */ = {
			isa = XCSwiftPackageProductDependency;
			package = 36C4EF132525A42D000286F7 /* XCRemoteSwiftPackageReference "AQUI" */;
			productName = AQUI;
		};
/* End XCSwiftPackageProductDependency section */
	};
	rootObject = 36ED5EF4252529020022945C /* Project object */;
}
